
Microsoft Visual Studio Solution File, Format Version 12.00
# Visual Studio 2013
VisualStudioVersion = 12.0.21005.1
MinimumVisualStudioVersion = 10.0.40219.1
Project("{FAE04EC0-301F-11D3-BF4B-00C04F79EFBC}") = "SchoolAbstractFactory.Lib", "SchoolAbstractFactory.Lib\SchoolAbstractFactory.Lib.csproj", "{697B5464-28F9-40C5-8B57-5698306C0CAE}"
EndProject
Project("{FAE04EC0-301F-11D3-BF4B-00C04F79EFBC}") = "SchoolAbstractFactory.Test", "SchoolAbstractFactory.Test\SchoolAbstractFactory.Test.csproj", "{1D905C16-2B6C-4679-8AEE-909E1D62C452}"
EndProject
Global
	GlobalSection(SolutionConfigurationPlatforms) = preSolution
		Debug|Any CPU = Debug|Any CPU
		Release|Any CPU = Release|Any CPU
	EndGlobalSection
	GlobalSection(ProjectConfigurationPlatforms) = postSolution
		{697B5464-28F9-40C5-8B57-5698306C0CAE}.Debug|Any CPU.ActiveCfg = Debug|Any CPU
		{697B5464-28F9-40C5-8B57-5698306C0CAE}.Debug|Any CPU.Build.0 = Debug|Any CPU
		{697B5464-28F9-40C5-8B57-5698306C0CAE}.Release|Any CPU.ActiveCfg = Release|Any CPU
		{697B5464-28F9-40C5-8B57-5698306C0CAE}.Release|Any CPU.Build.0 = Release|Any CPU
		{1D905C16-2B6C-4679-8AEE-909E1D62C452}.Debug|Any CPU.ActiveCfg = Debug|Any CPU
		{1D905C16-2B6C-4679-8AEE-909E1D62C452}.Debug|Any CPU.Build.0 = Debug|Any CPU
		{1D905C16-2B6C-4679-8AEE-909E1D62C452}.Release|Any CPU.ActiveCfg = Release|Any CPU
		{1D905C16-2B6C-4679-8AEE-909E1D62C452}.Release|Any CPU.Build.0 = Release|Any CPU
	EndGlobalSection
	GlobalSection(SolutionProperties) = preSolution
		HideSolutionNode = FALSE
	EndGlobalSection
EndGlobal
